
Microsoft Visual Studio Solution File, Format Version 12.00
Project("{2150E333-8FDC-42A3-9474-1A3956D46DE8}") = "src", "src", "{FB7D1CCF-B6AC-4730-9202-0639A839F255}"
EndProject
Project("{FAE04EC0-301F-11D3-BF4B-00C04F79EFBC}") = "OrderPlacer.AppHost", "src\OrderPlacer.AppHost\OrderPlacer.AppHost.csproj", "{4FC0D8D9-C2D0-4640-816E-9D1A89D5647F}"
EndProject
Project("{FAE04EC0-301F-11D3-BF4B-00C04F79EFBC}") = "OrderPlacer.Gateway", "src\OrderPlacer.Gateway\OrderPlacer.Gateway.csproj", "{D498D5F5-2BB8-4C8B-BFD1-53133244DB91}"
EndProject
Project("{FAE04EC0-301F-11D3-BF4B-00C04F79EFBC}") = "OrderPlacer.Orders.Api", "src\OrderPlacer.Orders.Api\OrderPlacer.Orders.Api.csproj", "{2F29CED6-BBC9-4388-9933-8F6BAFB2190A}"
EndProject
Project("{FAE04EC0-301F-11D3-BF4B-00C04F79EFBC}") = "OrderPlacer.Fulfillment.Service", "src\OrderPlacer.Fulfillment.Service\OrderPlacer.Fulfillment.Service.csproj", "{BDCC7483-FD14-4E07-8702-B8065E8260A8}"
EndProject
Project("{FAE04EC0-301F-11D3-BF4B-00C04F79EFBC}") = "OrderPlacer.Contracts", "src\OrderPlacer.Contracts\OrderPlacer.Contracts.csproj", "{0B7A417C-140A-4419-B764-C67782E197B9}"
EndProject
Project("{FAE04EC0-301F-11D3-BF4B-00C04F79EFBC}") = "OrderPlacer.Fulfillment.ExternalApi", "src\OrderPlacer.Fulfillment.ExternalApi\OrderPlacer.Fulfillment.ExternalApi.csproj", "{E8F5F6B3-2C4E-4A5B-8F9D-1A2B3C4D5E6F}"
EndProject
Global
	GlobalSection(SolutionConfigurationPlatforms) = preSolution
		Debug|Any CPU = Debug|Any CPU
		Release|Any CPU = Release|Any CPU
	EndGlobalSection
	GlobalSection(NestedProjects) = preSolution
		{4FC0D8D9-C2D0-4640-816E-9D1A89D5647F} = {FB7D1CCF-B6AC-4730-9202-0639A839F255}
		{D498D5F5-2BB8-4C8B-BFD1-53133244DB91} = {FB7D1CCF-B6AC-4730-9202-0639A839F255}
		{2F29CED6-BBC9-4388-9933-8F6BAFB2190A} = {FB7D1CCF-B6AC-4730-9202-0639A839F255}
		{BDCC7483-FD14-4E07-8702-B8065E8260A8} = {FB7D1CCF-B6AC-4730-9202-0639A839F255}
		{0B7A417C-140A-4419-B764-C67782E197B9} = {FB7D1CCF-B6AC-4730-9202-0639A839F255}
		{E8F5F6B3-2C4E-4A5B-8F9D-1A2B3C4D5E6F} = {FB7D1CCF-B6AC-4730-9202-0639A839F255}
	EndGlobalSection
	GlobalSection(ProjectConfigurationPlatforms) = postSolution
		{4FC0D8D9-C2D0-4640-816E-9D1A89D5647F}.Debug|Any CPU.ActiveCfg = Debug|Any CPU
		{4FC0D8D9-C2D0-4640-816E-9D1A89D5647F}.Debug|Any CPU.Build.0 = Debug|Any CPU
		{4FC0D8D9-C2D0-4640-816E-9D1A89D5647F}.Release|Any CPU.ActiveCfg = Release|Any CPU
		{4FC0D8D9-C2D0-4640-816E-9D1A89D5647F}.Release|Any CPU.Build.0 = Release|Any CPU
		{D498D5F5-2BB8-4C8B-BFD1-53133244DB91}.Debug|Any CPU.ActiveCfg = Debug|Any CPU
		{D498D5F5-2BB8-4C8B-BFD1-53133244DB91}.Debug|Any CPU.Build.0 = Debug|Any CPU
		{D498D5F5-2BB8-4C8B-BFD1-53133244DB91}.Release|Any CPU.ActiveCfg = Release|Any CPU
		{D498D5F5-2BB8-4C8B-BFD1-53133244DB91}.Release|Any CPU.Build.0 = Release|Any CPU
		{2F29CED6-BBC9-4388-9933-8F6BAFB2190A}.Debug|Any CPU.ActiveCfg = Debug|Any CPU
		{2F29CED6-BBC9-4388-9933-8F6BAFB2190A}.Debug|Any CPU.Build.0 = Debug|Any CPU
		{2F29CED6-BBC9-4388-9933-8F6BAFB2190A}.Release|Any CPU.ActiveCfg = Release|Any CPU
		{2F29CED6-BBC9-4388-9933-8F6BAFB2190A}.Release|Any CPU.Build.0 = Release|Any CPU
		{BDCC7483-FD14-4E07-8702-B8065E8260A8}.Debug|Any CPU.ActiveCfg = Debug|Any CPU
		{BDCC7483-FD14-4E07-8702-B8065E8260A8}.Debug|Any CPU.Build.0 = Debug|Any CPU
		{BDCC7483-FD14-4E07-8702-B8065E8260A8}.Release|Any CPU.ActiveCfg = Release|Any CPU
		{BDCC7483-FD14-4E07-8702-B8065E8260A8}.Release|Any CPU.Build.0 = Release|Any CPU
		{0B7A417C-140A-4419-B764-C67782E197B9}.Debug|Any CPU.ActiveCfg = Debug|Any CPU
		{0B7A417C-140A-4419-B764-C67782E197B9}.Debug|Any CPU.Build.0 = Debug|Any CPU
		{0B7A417C-140A-4419-B764-C67782E197B9}.Release|Any CPU.ActiveCfg = Release|Any CPU
		{0B7A417C-140A-4419-B764-C67782E197B9}.Release|Any CPU.Build.0 = Release|Any CPU
		{E8F5F6B3-2C4E-4A5B-8F9D-1A2B3C4D5E6F}.Debug|Any CPU.ActiveCfg = Debug|Any CPU
		{E8F5F6B3-2C4E-4A5B-8F9D-1A2B3C4D5E6F}.Debug|Any CPU.Build.0 = Debug|Any CPU
		{E8F5F6B3-2C4E-4A5B-8F9D-1A2B3C4D5E6F}.Release|Any CPU.ActiveCfg = Release|Any CPU
		{E8F5F6B3-2C4E-4A5B-8F9D-1A2B3C4D5E6F}.Release|Any CPU.Build.0 = Release|Any CPU
	EndGlobalSection
EndGlobal
